{
    "name": "Archhud",
    "lockfileVersion": 3,
    "requires": true,
    "packages": {
        "": {
            "name": "Archhud",
            "dependencies": {
                "lua-in-js": "^2.2.5",
                "luamin": "1.0.4"
            },
            "devDependencies": {
                "lua-fmt": "^2.6.0"
            }
        },
        "node_modules/@types/commander": {
            "version": "2.12.0",
            "resolved": "https://registry.npmjs.org/@types/commander/-/commander-2.12.0.tgz",
            "integrity": "sha512-DDmRkovH7jPjnx7HcbSnqKg2JeNANyxNZeUvB0iE+qKBLN+vzN5iSIwt+J2PFSmBuYEut4mgQvI/fTX9YQH/vw==",
            "dev": true,
            "license": "MIT",
            "dependencies": {
                "commander": "*"
            }
        },
        "node_modules/@types/diff": {
            "version": "3.5.8",
            "resolved": "https://registry.npmjs.org/@types/diff/-/diff-3.5.8.tgz",
            "integrity": "sha512-CZ5vepL87+M8PxRIvJjR181Erahch2w7Jev/XJm+Iot/SOvJh8QqH/N79b+vsKtYF6fFzoPieiiq2c5tzmXR9A==",
            "dev": true,
            "license": "MIT"
        },
        "node_modules/@types/get-stdin": {
            "version": "5.0.1",
            "resolved": "https://registry.npmjs.org/@types/get-stdin/-/get-stdin-5.0.1.tgz",
            "integrity": "sha512-hkShVHsKPKK4OulBjeYi15m5RQRR2ZV7ItFEa3C+QEay81MenD5ZfcTxzlo3ZaUTkbCbpw5XIW/NWKQNWq+Q/A==",
            "dev": true,
            "license": "MIT",
            "dependencies": {
                "@types/node": "*"
            }
        },
        "node_modules/@types/node": {
            "version": "25.5.0",
            "resolved": "https://registry.npmjs.org/@types/node/-/node-25.5.0.tgz",
            "integrity": "sha512-jp2P3tQMSxWugkCUKLRPVUpGaL5MVFwF8RDuSRztfwgN1wmqJeMSbKlnEtQqU8UrhTmzEmZdu2I6v2dpp7XIxw==",
            "dev": true,
            "license": "MIT",
            "dependencies": {
                "undici-types": "~7.18.0"
            }
        },
        "node_modules/commander": {
            "version": "2.20.3",
            "resolved": "https://registry.npmjs.org/commander/-/commander-2.20.3.tgz",
            "integrity": "sha512-GpVkmM8vF2vQUkj2LvZmD35JxeJOLCwJ9cUkugyk2nuhbv3+mJvpLYYt+0+USMxE+oj+ey/lJEnhZw75x/OMcQ==",
            "dev": true,
            "license": "MIT"
        },
        "node_modules/diff": {
            "version": "3.5.1",
            "resolved": "https://registry.npmjs.org/diff/-/diff-3.5.1.tgz",
            "integrity": "sha512-Z3u54A8qGyqFOSr2pk0ijYs8mOE9Qz8kTvtKeBI+upoG9j04Sq+oI7W8zAJiQybDcESET8/uIdHzs0p3k4fZlw==",
            "dev": true,
            "license": "BSD-3-Clause",
            "engines": {
                "node": ">=0.3.1"
            }
        },
        "node_modules/get-stdin": {
            "version": "5.0.1",
            "resolved": "https://registry.npmjs.org/get-stdin/-/get-stdin-5.0.1.tgz",
            "integrity": "sha512-jZV7n6jGE3Gt7fgSTJoz91Ak5MuTLwMwkoYdjxuJ/AmjIsE1UC03y/IWkZCQGEvVNS9qoRNwy5BCqxImv0FVeA==",
            "dev": true,
            "license": "MIT",
            "engines": {
                "node": ">=0.12.0"
            }
        },
        "node_modules/lua-fmt": {
            "version": "2.6.0",
            "resolved": "https://registry.npmjs.org/lua-fmt/-/lua-fmt-2.6.0.tgz",
            "integrity": "sha512-J4D7TK+BhSJ9ePQPpZPlu/aHE3X9ojN+D7DNv1HXZPryBJ74XWVmXpRX+qceXdE15TUsQRCj9w81waVOOFhfWA==",
            "dev": true,
            "license": "MIT",
            "dependencies": {
                "@types/commander": "^2.3.31",
                "@types/diff": "^3.2.0",
                "@types/get-stdin": "^5.0.0",
                "commander": "^2.9.0",
                "diff": "^3.3.0",
                "get-stdin": "^5.0.1",
                "luaparse": "github:oxyc/luaparse#ac42a00ebf4020b8c9d3219e4b0f84bf7ce6e802"
            },
            "bin": {
                "luafmt": "dist/bin/luafmt.js"
            }
        },
        "node_modules/lua-in-js": {
            "version": "2.2.5",
            "resolved": "https://registry.npmjs.org/lua-in-js/-/lua-in-js-2.2.5.tgz",
            "integrity": "sha512-Yf+EZUlWo59DrDhfB+3w0CsvdSPnevJFohTz+WW+uAFo45tYK7eHVv+WouEe+GqmQtDHaAJWLwFl9l9cAA7BvQ==",
            "deprecated": "Package no longer supported. Contact Support at https://www.npmjs.com/support for more info.",
            "license": "MIT",
            "dependencies": {
                "luaparse": "^0.3.1",
                "printj": "^1.3.1"
            }
        },
        "node_modules/lua-in-js/node_modules/luaparse": {
            "version": "0.3.1",
            "resolved": "https://registry.npmjs.org/luaparse/-/luaparse-0.3.1.tgz",
            "integrity": "sha512-b21h2bFEbtGXmVqguHogbyrMAA0wOHyp9u/rx+w6Yc9pW1t9YjhGUsp87lYcp7pFRqSWN/PhFkrdIqKEUzRjjQ==",
            "license": "MIT",
            "bin": {
                "luaparse": "bin/luaparse"
            }
        },
        "node_modules/luamin": {
            "version": "1.0.4",
            "resolved": "https://registry.npmjs.org/luamin/-/luamin-1.0.4.tgz",
            "integrity": "sha1-lEUptY/G+k0x6s4uA1PUEhDw49M=",
            "dependencies": {
                "luaparse": "^0.2.1"
            },
            "bin": {
                "luamin": "bin/luamin"
            }
        },
        "node_modules/luaparse": {
            "version": "0.2.1",
            "resolved": "git+ssh://git@github.com/oxyc/luaparse.git#ac42a00ebf4020b8c9d3219e4b0f84bf7ce6e802",
            "integrity": "sha512-2Z9w/L8EYA2y8mfGb/jTcydO8QOi74eIPWGJZ9T8Ma1ttAxdf+dcTji+UHCPfJclnVWqjYcKHR4vgW4owyDawA==",
            "license": "MIT",
            "bin": {
                "luaparse": "bin/luaparse"
            }
        },
        "node_modules/printj": {
            "version": "1.3.1",
            "resolved": "https://registry.npmjs.org/printj/-/printj-1.3.1.tgz",
            "integrity": "sha512-GA3TdL8szPK4AQ2YnOe/b+Y1jUFwmmGMMK/qbY7VcE3Z7FU8JstbKiKRzO6CIiAKPhTO8m01NoQ0V5f3jc4OGg==",
            "license": "Apache-2.0",
            "bin": {
                "printj": "bin/printj.njs"
            },
            "engines": {
                "node": ">=0.8"
            }
        },
        "node_modules/undici-types": {
            "version": "7.18.2",
            "resolved": "https://registry.npmjs.org/undici-types/-/undici-types-7.18.2.tgz",
            "integrity": "sha512-AsuCzffGHJybSaRrmr5eHr81mwJU3kjw6M+uprWvCXiNeN9SOGwQ3Jn8jb8m3Z6izVgknn1R0FTCEAP2QrLY/w==",
            "dev": true,
            "license": "MIT"
        }
    }
}
